
Microsoft Visual Studio Solution File, Format Version 12.00
# Visual Studio Version 17
VisualStudioVersion = 17.10.35004.147
MinimumVisualStudioVersion = 10.0.40219.1
Project("{FAE04EC0-301F-11D3-BF4B-00C04F79EFBC}") = "1lab", "1lab.csproj", "{AD5BD8A8-822E-495C-AFDA-0D47C3B55E8B}"
EndProject
Global
	GlobalSection(SolutionConfigurationPlatforms) = preSolution
		Debug|Any CPU = Debug|Any CPU
		Release|Any CPU = Release|Any CPU
	EndGlobalSection
	GlobalSection(ProjectConfigurationPlatforms) = postSolution
		{AD5BD8A8-822E-495C-AFDA-0D47C3B55E8B}.Debug|Any CPU.ActiveCfg = Debug|Any CPU
		{AD5BD8A8-822E-495C-AFDA-0D47C3B55E8B}.Debug|Any CPU.Build.0 = Debug|Any CPU
		{AD5BD8A8-822E-495C-AFDA-0D47C3B55E8B}.Release|Any CPU.ActiveCfg = Release|Any CPU
		{AD5BD8A8-822E-495C-AFDA-0D47C3B55E8B}.Release|Any CPU.Build.0 = Release|Any CPU
	EndGlobalSection
	GlobalSection(SolutionProperties) = preSolution
		HideSolutionNode = FALSE
	EndGlobalSection
	GlobalSection(ExtensibilityGlobals) = postSolution
		SolutionGuid = {7CA23D72-37CD-49DF-9E4E-2D053DBB9C81}
	EndGlobalSection
EndGlobal
